
Microsoft Visual Studio Solution File, Format Version 12.00
# Visual Studio Version 17
VisualStudioVersion = 17.8.34322.80
MinimumVisualStudioVersion = 10.0.40219.1
Project("{9A19103F-16F7-4668-BE54-9A1E7A4F7556}") = "BasketballStatsAPI", "BasketballStatsAPI\BasketballStatsAPI.csproj", "{D5C52C23-EB1C-4B84-85CC-ED78C89D0D27}"
EndProject
Project("{FAE04EC0-301F-11D3-BF4B-00C04F79EFBC}") = "BasketballStatsAPI.Tests", "BasketballStatsAPI.Tests\BasketballStatsAPI.Tests.csproj", "{BAE37289-F7F9-4570-B060-537A8FC407BD}"
EndProject
Global
	GlobalSection(SolutionConfigurationPlatforms) = preSolution
		Debug|Any CPU = Debug|Any CPU
		Release|Any CPU = Release|Any CPU
	EndGlobalSection
	GlobalSection(ProjectConfigurationPlatforms) = postSolution
		{D5C52C23-EB1C-4B84-85CC-ED78C89D0D27}.Debug|Any CPU.ActiveCfg = Debug|Any CPU
		{D5C52C23-EB1C-4B84-85CC-ED78C89D0D27}.Debug|Any CPU.Build.0 = Debug|Any CPU
		{D5C52C23-EB1C-4B84-85CC-ED78C89D0D27}.Release|Any CPU.ActiveCfg = Release|Any CPU
		{D5C52C23-EB1C-4B84-85CC-ED78C89D0D27}.Release|Any CPU.Build.0 = Release|Any CPU
		{BAE37289-F7F9-4570-B060-537A8FC407BD}.Debug|Any CPU.ActiveCfg = Debug|Any CPU
		{BAE37289-F7F9-4570-B060-537A8FC407BD}.Debug|Any CPU.Build.0 = Debug|Any CPU
		{BAE37289-F7F9-4570-B060-537A8FC407BD}.Release|Any CPU.ActiveCfg = Release|Any CPU
		{BAE37289-F7F9-4570-B060-537A8FC407BD}.Release|Any CPU.Build.0 = Release|Any CPU
	EndGlobalSection
	GlobalSection(SolutionProperties) = preSolution
		HideSolutionNode = FALSE
	EndGlobalSection
	GlobalSection(ExtensibilityGlobals) = postSolution
		SolutionGuid = {3A0895E4-CA15-4D5D-A4E9-E21BDC70CF57}
	EndGlobalSection
EndGlobal
